
Microsoft Visual Studio Solution File, Format Version 12.00
# Visual Studio Version 17
VisualStudioVersion = 17.11.35208.52
MinimumVisualStudioVersion = 10.0.40219.1
Project("{FAE04EC0-301F-11D3-BF4B-00C04F79EFBC}") = "CrudNET8MVC", "CrudNET8MVC\CrudNET8MVC.csproj", "{B04CA01C-61EC-456F-87BD-F07607D34686}"
EndProject
Global
	GlobalSection(SolutionConfigurationPlatforms) = preSolution
		Debug|Any CPU = Debug|Any CPU
		Release|Any CPU = Release|Any CPU
	EndGlobalSection
	GlobalSection(ProjectConfigurationPlatforms) = postSolution
		{B04CA01C-61EC-456F-87BD-F07607D34686}.Debug|Any CPU.ActiveCfg = Debug|Any CPU
		{B04CA01C-61EC-456F-87BD-F07607D34686}.Debug|Any CPU.Build.0 = Debug|Any CPU
		{B04CA01C-61EC-456F-87BD-F07607D34686}.Release|Any CPU.ActiveCfg = Release|Any CPU
		{B04CA01C-61EC-456F-87BD-F07607D34686}.Release|Any CPU.Build.0 = Release|Any CPU
	EndGlobalSection
	GlobalSection(SolutionProperties) = preSolution
		HideSolutionNode = FALSE
	EndGlobalSection
	GlobalSection(ExtensibilityGlobals) = postSolution
		SolutionGuid = {A14BDDED-2C23-4FFB-8233-5FAFAC475078}
	EndGlobalSection
EndGlobal
